
Microsoft Visual Studio Solution File, Format Version 12.00
# Visual Studio Version 17
VisualStudioVersion = 17.14.36414.22 d17.14
MinimumVisualStudioVersion = 10.0.40219.1
Project("{FAE04EC0-301F-11D3-BF4B-00C04F79EFBC}") = "Zorin_Roman_ISP-232_Lab8", "Zorin_Roman_ISP-232_Lab8\Zorin_Roman_ISP-232_Lab8.csproj", "{FFC4D7B6-C2EA-4EB7-BE17-DB2712E6B82B}"
EndProject
Project("{FAE04EC0-301F-11D3-BF4B-00C04F79EFBC}") = "MUSORKA_MiniProject", "MUSORKA_MiniProject\MUSORKA_MiniProject.csproj", "{37C1C662-8E16-4636-ACC4-699EEA78CF29}"
EndProject
Project("{FAE04EC0-301F-11D3-BF4B-00C04F79EFBC}") = "Hero", "Hero\Hero.csproj", "{68BBB510-5BB4-4DA5-83F8-E7FE47C70EDB}"
EndProject
Project("{FAE04EC0-301F-11D3-BF4B-00C04F79EFBC}") = "struct", "struct\struct.csproj", "{3447D589-30A4-4F04-9488-F6CC0663A310}"
EndProject
Project("{FAE04EC0-301F-11D3-BF4B-00C04F79EFBC}") = "CoordinateSystem", "CoordinateSystem\CoordinateSystem.csproj", "{6E88B2D5-DE40-4AD1-B35A-CAFA33D8030F}"
EndProject
Project("{FAE04EC0-301F-11D3-BF4B-00C04F79EFBC}") = "namespace", "namespace\namespace.csproj", "{D0F52421-D752-45BE-9706-E385425FED8C}"
EndProject
Project("{FAE04EC0-301F-11D3-BF4B-00C04F79EFBC}") = "1_Task", "1_Task\1_Task.csproj", "{EBD31F1B-E3EC-4D26-9D89-AA335F707AA3}"
EndProject
Project("{FAE04EC0-301F-11D3-BF4B-00C04F79EFBC}") = "2_Task", "2_Task\2_Task.csproj", "{91413592-5D1B-4516-A388-935DABCE7442}"
EndProject
Project("{FAE04EC0-301F-11D3-BF4B-00C04F79EFBC}") = "3_Task", "3_Task\3_Task.csproj", "{B9DDC0EE-09F2-4A52-ACF0-F422D6C4D35D}"
EndProject
Project("{FAE04EC0-301F-11D3-BF4B-00C04F79EFBC}") = "4_Task", "4_Task\4_Task.csproj", "{896EA7C8-B461-4471-9C76-025181010CFE}"
EndProject
Project("{FAE04EC0-301F-11D3-BF4B-00C04F79EFBC}") = "5_Task", "5_Task\5_Task.csproj", "{0F742B42-3D1D-41C2-8903-3ACD18887C70}"
EndProject
Project("{FAE04EC0-301F-11D3-BF4B-00C04F79EFBC}") = "6_Task", "6_Task\6_Task.csproj", "{3C864296-BDDD-425A-A945-4A80D8BCC6F7}"
EndProject
Global
	GlobalSection(SolutionConfigurationPlatforms) = preSolution
		Debug|Any CPU = Debug|Any CPU
		Release|Any CPU = Release|Any CPU
	EndGlobalSection
	GlobalSection(ProjectConfigurationPlatforms) = postSolution
		{FFC4D7B6-C2EA-4EB7-BE17-DB2712E6B82B}.Debug|Any CPU.ActiveCfg = Debug|Any CPU
		{FFC4D7B6-C2EA-4EB7-BE17-DB2712E6B82B}.Debug|Any CPU.Build.0 = Debug|Any CPU
		{FFC4D7B6-C2EA-4EB7-BE17-DB2712E6B82B}.Release|Any CPU.ActiveCfg = Release|Any CPU
		{FFC4D7B6-C2EA-4EB7-BE17-DB2712E6B82B}.Release|Any CPU.Build.0 = Release|Any CPU
		{37C1C662-8E16-4636-ACC4-699EEA78CF29}.Debug|Any CPU.ActiveCfg = Debug|Any CPU
		{37C1C662-8E16-4636-ACC4-699EEA78CF29}.Debug|Any CPU.Build.0 = Debug|Any CPU
		{37C1C662-8E16-4636-ACC4-699EEA78CF29}.Release|Any CPU.ActiveCfg = Release|Any CPU
		{37C1C662-8E16-4636-ACC4-699EEA78CF29}.Release|Any CPU.Build.0 = Release|Any CPU
		{68BBB510-5BB4-4DA5-83F8-E7FE47C70EDB}.Debug|Any CPU.ActiveCfg = Debug|Any CPU
		{68BBB510-5BB4-4DA5-83F8-E7FE47C70EDB}.Debug|Any CPU.Build.0 = Debug|Any CPU
		{68BBB510-5BB4-4DA5-83F8-E7FE47C70EDB}.Release|Any CPU.ActiveCfg = Release|Any CPU
		{68BBB510-5BB4-4DA5-83F8-E7FE47C70EDB}.Release|Any CPU.Build.0 = Release|Any CPU
		{3447D589-30A4-4F04-9488-F6CC0663A310}.Debug|Any CPU.ActiveCfg = Debug|Any CPU
		{3447D589-30A4-4F04-9488-F6CC0663A310}.Debug|Any CPU.Build.0 = Debug|Any CPU
		{3447D589-30A4-4F04-9488-F6CC0663A310}.Release|Any CPU.ActiveCfg = Release|Any CPU
		{3447D589-30A4-4F04-9488-F6CC0663A310}.Release|Any CPU.Build.0 = Release|Any CPU
		{6E88B2D5-DE40-4AD1-B35A-CAFA33D8030F}.Debug|Any CPU.ActiveCfg = Debug|Any CPU
		{6E88B2D5-DE40-4AD1-B35A-CAFA33D8030F}.Debug|Any CPU.Build.0 = Debug|Any CPU
		{6E88B2D5-DE40-4AD1-B35A-CAFA33D8030F}.Release|Any CPU.ActiveCfg = Release|Any CPU
		{6E88B2D5-DE40-4AD1-B35A-CAFA33D8030F}.Release|Any CPU.Build.0 = Release|Any CPU
		{D0F52421-D752-45BE-9706-E385425FED8C}.Debug|Any CPU.ActiveCfg = Debug|Any CPU
		{D0F52421-D752-45BE-9706-E385425FED8C}.Debug|Any CPU.Build.0 = Debug|Any CPU
		{D0F52421-D752-45BE-9706-E385425FED8C}.Release|Any CPU.ActiveCfg = Release|Any CPU
		{D0F52421-D752-45BE-9706-E385425FED8C}.Release|Any CPU.Build.0 = Release|Any CPU
		{EBD31F1B-E3EC-4D26-9D89-AA335F707AA3}.Debug|Any CPU.ActiveCfg = Debug|Any CPU
		{EBD31F1B-E3EC-4D26-9D89-AA335F707AA3}.Debug|Any CPU.Build.0 = Debug|Any CPU
		{EBD31F1B-E3EC-4D26-9D89-AA335F707AA3}.Release|Any CPU.ActiveCfg = Release|Any CPU
		{EBD31F1B-E3EC-4D26-9D89-AA335F707AA3}.Release|Any CPU.Build.0 = Release|Any CPU
		{91413592-5D1B-4516-A388-935DABCE7442}.Debug|Any CPU.ActiveCfg = Debug|Any CPU
		{91413592-5D1B-4516-A388-935DABCE7442}.Debug|Any CPU.Build.0 = Debug|Any CPU
		{91413592-5D1B-4516-A388-935DABCE7442}.Release|Any CPU.ActiveCfg = Release|Any CPU
		{91413592-5D1B-4516-A388-935DABCE7442}.Release|Any CPU.Build.0 = Release|Any CPU
		{B9DDC0EE-09F2-4A52-ACF0-F422D6C4D35D}.Debug|Any CPU.ActiveCfg = Debug|Any CPU
		{B9DDC0EE-09F2-4A52-ACF0-F422D6C4D35D}.Debug|Any CPU.Build.0 = Debug|Any CPU
		{B9DDC0EE-09F2-4A52-ACF0-F422D6C4D35D}.Release|Any CPU.ActiveCfg = Release|Any CPU
		{B9DDC0EE-09F2-4A52-ACF0-F422D6C4D35D}.Release|Any CPU.Build.0 = Release|Any CPU
		{896EA7C8-B461-4471-9C76-025181010CFE}.Debug|Any CPU.ActiveCfg = Debug|Any CPU
		{896EA7C8-B461-4471-9C76-025181010CFE}.Debug|Any CPU.Build.0 = Debug|Any CPU
		{896EA7C8-B461-4471-9C76-025181010CFE}.Release|Any CPU.ActiveCfg = Release|Any CPU
		{896EA7C8-B461-4471-9C76-025181010CFE}.Release|Any CPU.Build.0 = Release|Any CPU
		{0F742B42-3D1D-41C2-8903-3ACD18887C70}.Debug|Any CPU.ActiveCfg = Debug|Any CPU
		{0F742B42-3D1D-41C2-8903-3ACD18887C70}.Debug|Any CPU.Build.0 = Debug|Any CPU
		{0F742B42-3D1D-41C2-8903-3ACD18887C70}.Release|Any CPU.ActiveCfg = Release|Any CPU
		{0F742B42-3D1D-41C2-8903-3ACD18887C70}.Release|Any CPU.Build.0 = Release|Any CPU
		{3C864296-BDDD-425A-A945-4A80D8BCC6F7}.Debug|Any CPU.ActiveCfg = Debug|Any CPU
		{3C864296-BDDD-425A-A945-4A80D8BCC6F7}.Debug|Any CPU.Build.0 = Debug|Any CPU
		{3C864296-BDDD-425A-A945-4A80D8BCC6F7}.Release|Any CPU.ActiveCfg = Release|Any CPU
		{3C864296-BDDD-425A-A945-4A80D8BCC6F7}.Release|Any CPU.Build.0 = Release|Any CPU
	EndGlobalSection
	GlobalSection(SolutionProperties) = preSolution
		HideSolutionNode = FALSE
	EndGlobalSection
	GlobalSection(ExtensibilityGlobals) = postSolution
		SolutionGuid = {2FECC836-A6E1-492A-9224-547D6F3133A0}
	EndGlobalSection
EndGlobal
